
Microsoft Visual Studio Solution File, Format Version 12.00
# Visual Studio Version 16
VisualStudioVersion = 16.0.31729.503
MinimumVisualStudioVersion = 10.0.40219.1
Project("{FAE04EC0-301F-11D3-BF4B-00C04F79EFBC}") = "WinFormsApp1", "WinFormsApp1\WinFormsApp1.csproj", "{DACED745-495A-456E-A24E-13429EA87006}"
EndProject
Global
	GlobalSection(SolutionConfigurationPlatforms) = preSolution
		Debug|Any CPU = Debug|Any CPU
		Release|Any CPU = Release|Any CPU
	EndGlobalSection
	GlobalSection(ProjectConfigurationPlatforms) = postSolution
		{DACED745-495A-456E-A24E-13429EA87006}.Debug|Any CPU.ActiveCfg = Debug|Any CPU
		{DACED745-495A-456E-A24E-13429EA87006}.Debug|Any CPU.Build.0 = Debug|Any CPU
		{DACED745-495A-456E-A24E-13429EA87006}.Release|Any CPU.ActiveCfg = Release|Any CPU
		{DACED745-495A-456E-A24E-13429EA87006}.Release|Any CPU.Build.0 = Release|Any CPU
	EndGlobalSection
	GlobalSection(SolutionProperties) = preSolution
		HideSolutionNode = FALSE
	EndGlobalSection
	GlobalSection(ExtensibilityGlobals) = postSolution
		SolutionGuid = {2246F707-FFB4-4709-B9EF-9701C8BA4C3B}
	EndGlobalSection
EndGlobal
