
Microsoft Visual Studio Solution File, Format Version 12.00
# Visual Studio Version 16
VisualStudioVersion = 16.0.31729.503
MinimumVisualStudioVersion = 10.0.40219.1
Project("{FAE04EC0-301F-11D3-BF4B-00C04F79EFBC}") = "WinFormsApp1", "WinFormsApp1\WinFormsApp1.csproj", "{B7941B51-8648-42AC-8C5E-7E1898BEC87A}"
EndProject
Global
	GlobalSection(SolutionConfigurationPlatforms) = preSolution
		Debug|Any CPU = Debug|Any CPU
		Release|Any CPU = Release|Any CPU
	EndGlobalSection
	GlobalSection(ProjectConfigurationPlatforms) = postSolution
		{B7941B51-8648-42AC-8C5E-7E1898BEC87A}.Debug|Any CPU.ActiveCfg = Debug|Any CPU
		{B7941B51-8648-42AC-8C5E-7E1898BEC87A}.Debug|Any CPU.Build.0 = Debug|Any CPU
		{B7941B51-8648-42AC-8C5E-7E1898BEC87A}.Release|Any CPU.ActiveCfg = Release|Any CPU
		{B7941B51-8648-42AC-8C5E-7E1898BEC87A}.Release|Any CPU.Build.0 = Release|Any CPU
	EndGlobalSection
	GlobalSection(SolutionProperties) = preSolution
		HideSolutionNode = FALSE
	EndGlobalSection
	GlobalSection(ExtensibilityGlobals) = postSolution
		SolutionGuid = {AB1CA585-1758-4DE3-85B1-5A8B3215E3F9}
	EndGlobalSection
EndGlobal
