
Microsoft Visual Studio Solution File, Format Version 12.00
# Visual Studio Version 16
VisualStudioVersion = 16.0.31729.503
MinimumVisualStudioVersion = 10.0.40219.1
Project("{FAE04EC0-301F-11D3-BF4B-00C04F79EFBC}") = "WindowsFormsApp1", "WindowsFormsApp1\WindowsFormsApp1.csproj", "{0A78F2F7-A011-4E13-B8E2-7B66ACF873A8}"
EndProject
Global
	GlobalSection(SolutionConfigurationPlatforms) = preSolution
		Debug|Any CPU = Debug|Any CPU
		Release|Any CPU = Release|Any CPU
	EndGlobalSection
	GlobalSection(ProjectConfigurationPlatforms) = postSolution
		{0A78F2F7-A011-4E13-B8E2-7B66ACF873A8}.Debug|Any CPU.ActiveCfg = Debug|Any CPU
		{0A78F2F7-A011-4E13-B8E2-7B66ACF873A8}.Debug|Any CPU.Build.0 = Debug|Any CPU
		{0A78F2F7-A011-4E13-B8E2-7B66ACF873A8}.Release|Any CPU.ActiveCfg = Release|Any CPU
		{0A78F2F7-A011-4E13-B8E2-7B66ACF873A8}.Release|Any CPU.Build.0 = Release|Any CPU
	EndGlobalSection
	GlobalSection(SolutionProperties) = preSolution
		HideSolutionNode = FALSE
	EndGlobalSection
	GlobalSection(ExtensibilityGlobals) = postSolution
		SolutionGuid = {FFA77DCC-DB8B-4C6B-9803-470F9D0C9E89}
	EndGlobalSection
EndGlobal
