
Microsoft Visual Studio Solution File, Format Version 12.00
# Visual Studio Version 16
VisualStudioVersion = 16.0.31729.503
MinimumVisualStudioVersion = 10.0.40219.1
Project("{FAE04EC0-301F-11D3-BF4B-00C04F79EFBC}") = "WinFormsApp1", "WinFormsApp1\WinFormsApp1.csproj", "{6E41AC45-D832-4C12-A442-F4AA4FD730F2}"
EndProject
Global
	GlobalSection(SolutionConfigurationPlatforms) = preSolution
		Debug|Any CPU = Debug|Any CPU
		Release|Any CPU = Release|Any CPU
	EndGlobalSection
	GlobalSection(ProjectConfigurationPlatforms) = postSolution
		{6E41AC45-D832-4C12-A442-F4AA4FD730F2}.Debug|Any CPU.ActiveCfg = Debug|Any CPU
		{6E41AC45-D832-4C12-A442-F4AA4FD730F2}.Debug|Any CPU.Build.0 = Debug|Any CPU
		{6E41AC45-D832-4C12-A442-F4AA4FD730F2}.Release|Any CPU.ActiveCfg = Release|Any CPU
		{6E41AC45-D832-4C12-A442-F4AA4FD730F2}.Release|Any CPU.Build.0 = Release|Any CPU
	EndGlobalSection
	GlobalSection(SolutionProperties) = preSolution
		HideSolutionNode = FALSE
	EndGlobalSection
	GlobalSection(ExtensibilityGlobals) = postSolution
		SolutionGuid = {8AEFE359-E6AA-4E81-9149-B7EC07E7CA32}
	EndGlobalSection
EndGlobal
