
Microsoft Visual Studio Solution File, Format Version 12.00
# Visual Studio Version 16
VisualStudioVersion = 16.0.31729.503
MinimumVisualStudioVersion = 10.0.40219.1
Project("{FAE04EC0-301F-11D3-BF4B-00C04F79EFBC}") = "WinFormsApp3", "WinFormsApp3\WinFormsApp3.csproj", "{81516BAF-7309-40C3-97E9-03D2783DCEEA}"
EndProject
Global
	GlobalSection(SolutionConfigurationPlatforms) = preSolution
		Debug|Any CPU = Debug|Any CPU
		Release|Any CPU = Release|Any CPU
	EndGlobalSection
	GlobalSection(ProjectConfigurationPlatforms) = postSolution
		{81516BAF-7309-40C3-97E9-03D2783DCEEA}.Debug|Any CPU.ActiveCfg = Debug|Any CPU
		{81516BAF-7309-40C3-97E9-03D2783DCEEA}.Debug|Any CPU.Build.0 = Debug|Any CPU
		{81516BAF-7309-40C3-97E9-03D2783DCEEA}.Release|Any CPU.ActiveCfg = Release|Any CPU
		{81516BAF-7309-40C3-97E9-03D2783DCEEA}.Release|Any CPU.Build.0 = Release|Any CPU
	EndGlobalSection
	GlobalSection(SolutionProperties) = preSolution
		HideSolutionNode = FALSE
	EndGlobalSection
	GlobalSection(ExtensibilityGlobals) = postSolution
		SolutionGuid = {A0779108-5E74-4340-B4BE-D2D757163325}
	EndGlobalSection
EndGlobal
