
Microsoft Visual Studio Solution File, Format Version 12.00
# Visual Studio Version 16
VisualStudioVersion = 16.0.31729.503
MinimumVisualStudioVersion = 10.0.40219.1
Project("{FAE04EC0-301F-11D3-BF4B-00C04F79EFBC}") = "WinFormsApp1", "WinFormsApp1\WinFormsApp1.csproj", "{BB5A74DE-F388-4F14-BFCA-4F26E0415C51}"
EndProject
Global
	GlobalSection(SolutionConfigurationPlatforms) = preSolution
		Debug|Any CPU = Debug|Any CPU
		Release|Any CPU = Release|Any CPU
	EndGlobalSection
	GlobalSection(ProjectConfigurationPlatforms) = postSolution
		{BB5A74DE-F388-4F14-BFCA-4F26E0415C51}.Debug|Any CPU.ActiveCfg = Debug|Any CPU
		{BB5A74DE-F388-4F14-BFCA-4F26E0415C51}.Debug|Any CPU.Build.0 = Debug|Any CPU
		{BB5A74DE-F388-4F14-BFCA-4F26E0415C51}.Release|Any CPU.ActiveCfg = Release|Any CPU
		{BB5A74DE-F388-4F14-BFCA-4F26E0415C51}.Release|Any CPU.Build.0 = Release|Any CPU
	EndGlobalSection
	GlobalSection(SolutionProperties) = preSolution
		HideSolutionNode = FALSE
	EndGlobalSection
	GlobalSection(ExtensibilityGlobals) = postSolution
		SolutionGuid = {FD86544E-AAC9-4E59-AB94-E013A7BEB769}
	EndGlobalSection
EndGlobal
