
Microsoft Visual Studio Solution File, Format Version 12.00
# Visual Studio Version 16
VisualStudioVersion = 16.0.31729.503
MinimumVisualStudioVersion = 10.0.40219.1
Project("{FAE04EC0-301F-11D3-BF4B-00C04F79EFBC}") = "IOTProject", "IOTProject\IOTProject.csproj", "{8FB0C7EC-F57C-41C9-84E9-721856B536DC}"
EndProject
Global
	GlobalSection(SolutionConfigurationPlatforms) = preSolution
		Debug|Any CPU = Debug|Any CPU
		Release|Any CPU = Release|Any CPU
	EndGlobalSection
	GlobalSection(ProjectConfigurationPlatforms) = postSolution
		{8FB0C7EC-F57C-41C9-84E9-721856B536DC}.Debug|Any CPU.ActiveCfg = Debug|Any CPU
		{8FB0C7EC-F57C-41C9-84E9-721856B536DC}.Debug|Any CPU.Build.0 = Debug|Any CPU
		{8FB0C7EC-F57C-41C9-84E9-721856B536DC}.Release|Any CPU.ActiveCfg = Release|Any CPU
		{8FB0C7EC-F57C-41C9-84E9-721856B536DC}.Release|Any CPU.Build.0 = Release|Any CPU
	EndGlobalSection
	GlobalSection(SolutionProperties) = preSolution
		HideSolutionNode = FALSE
	EndGlobalSection
	GlobalSection(ExtensibilityGlobals) = postSolution
		SolutionGuid = {44C54760-19E3-4B24-A566-62CCFDC08B82}
	EndGlobalSection
EndGlobal
