
Microsoft Visual Studio Solution File, Format Version 12.00
# Visual Studio Version 16
VisualStudioVersion = 16.0.31729.503
MinimumVisualStudioVersion = 10.0.40219.1
Project("{FAE04EC0-301F-11D3-BF4B-00C04F79EFBC}") = "ConsoleApp1", "ConsoleApp1\ConsoleApp1.csproj", "{10944A47-8F09-4BCB-BDB6-24F36D59B12B}"
EndProject
Global
	GlobalSection(SolutionConfigurationPlatforms) = preSolution
		Debug|Any CPU = Debug|Any CPU
		Release|Any CPU = Release|Any CPU
	EndGlobalSection
	GlobalSection(ProjectConfigurationPlatforms) = postSolution
		{10944A47-8F09-4BCB-BDB6-24F36D59B12B}.Debug|Any CPU.ActiveCfg = Debug|Any CPU
		{10944A47-8F09-4BCB-BDB6-24F36D59B12B}.Debug|Any CPU.Build.0 = Debug|Any CPU
		{10944A47-8F09-4BCB-BDB6-24F36D59B12B}.Release|Any CPU.ActiveCfg = Release|Any CPU
		{10944A47-8F09-4BCB-BDB6-24F36D59B12B}.Release|Any CPU.Build.0 = Release|Any CPU
	EndGlobalSection
	GlobalSection(SolutionProperties) = preSolution
		HideSolutionNode = FALSE
	EndGlobalSection
	GlobalSection(ExtensibilityGlobals) = postSolution
		SolutionGuid = {9BA56B53-2D9C-4FC5-B17A-83B059153C4B}
	EndGlobalSection
EndGlobal
