
Microsoft Visual Studio Solution File, Format Version 12.00
# Visual Studio Version 16
VisualStudioVersion = 16.0.31729.503
MinimumVisualStudioVersion = 10.0.40219.1
Project("{FAE04EC0-301F-11D3-BF4B-00C04F79EFBC}") = "haftasonuodevi", "haftasonuodevi\haftasonuodevi.csproj", "{AD00E0F2-B74D-4965-8368-24728C4624A8}"
EndProject
Global
	GlobalSection(SolutionConfigurationPlatforms) = preSolution
		Debug|Any CPU = Debug|Any CPU
		Release|Any CPU = Release|Any CPU
	EndGlobalSection
	GlobalSection(ProjectConfigurationPlatforms) = postSolution
		{AD00E0F2-B74D-4965-8368-24728C4624A8}.Debug|Any CPU.ActiveCfg = Debug|Any CPU
		{AD00E0F2-B74D-4965-8368-24728C4624A8}.Debug|Any CPU.Build.0 = Debug|Any CPU
		{AD00E0F2-B74D-4965-8368-24728C4624A8}.Release|Any CPU.ActiveCfg = Release|Any CPU
		{AD00E0F2-B74D-4965-8368-24728C4624A8}.Release|Any CPU.Build.0 = Release|Any CPU
	EndGlobalSection
	GlobalSection(SolutionProperties) = preSolution
		HideSolutionNode = FALSE
	EndGlobalSection
	GlobalSection(ExtensibilityGlobals) = postSolution
		SolutionGuid = {A8822A80-5A22-4FAE-A773-FBE4E3CA2DEB}
	EndGlobalSection
EndGlobal
