
Microsoft Visual Studio Solution File, Format Version 12.00
# Visual Studio Version 16
VisualStudioVersion = 16.0.31729.503
MinimumVisualStudioVersion = 10.0.40219.1
Project("{FAE04EC0-301F-11D3-BF4B-00C04F79EFBC}") = "classtanimlamalariuygulama", "classtanimlamalariuygulama\classtanimlamalariuygulama.csproj", "{8956CE3A-6276-4038-8700-8DE2D16733DC}"
EndProject
Global
	GlobalSection(SolutionConfigurationPlatforms) = preSolution
		Debug|Any CPU = Debug|Any CPU
		Release|Any CPU = Release|Any CPU
	EndGlobalSection
	GlobalSection(ProjectConfigurationPlatforms) = postSolution
		{8956CE3A-6276-4038-8700-8DE2D16733DC}.Debug|Any CPU.ActiveCfg = Debug|Any CPU
		{8956CE3A-6276-4038-8700-8DE2D16733DC}.Debug|Any CPU.Build.0 = Debug|Any CPU
		{8956CE3A-6276-4038-8700-8DE2D16733DC}.Release|Any CPU.ActiveCfg = Release|Any CPU
		{8956CE3A-6276-4038-8700-8DE2D16733DC}.Release|Any CPU.Build.0 = Release|Any CPU
	EndGlobalSection
	GlobalSection(SolutionProperties) = preSolution
		HideSolutionNode = FALSE
	EndGlobalSection
	GlobalSection(ExtensibilityGlobals) = postSolution
		SolutionGuid = {3A67F4B6-4990-4D47-B153-DE4C9B4F3EA1}
	EndGlobalSection
EndGlobal
