
Microsoft Visual Studio Solution File, Format Version 12.00
# Visual Studio Version 16
VisualStudioVersion = 16.0.31729.503
MinimumVisualStudioVersion = 10.0.40219.1
Project("{FAE04EC0-301F-11D3-BF4B-00C04F79EFBC}") = "odevucprogram", "odevucprogram\odevucprogram.csproj", "{106DD81A-7BF2-47A4-8BCA-F37C77B12742}"
EndProject
Global
	GlobalSection(SolutionConfigurationPlatforms) = preSolution
		Debug|Any CPU = Debug|Any CPU
		Release|Any CPU = Release|Any CPU
	EndGlobalSection
	GlobalSection(ProjectConfigurationPlatforms) = postSolution
		{106DD81A-7BF2-47A4-8BCA-F37C77B12742}.Debug|Any CPU.ActiveCfg = Debug|Any CPU
		{106DD81A-7BF2-47A4-8BCA-F37C77B12742}.Debug|Any CPU.Build.0 = Debug|Any CPU
		{106DD81A-7BF2-47A4-8BCA-F37C77B12742}.Release|Any CPU.ActiveCfg = Release|Any CPU
		{106DD81A-7BF2-47A4-8BCA-F37C77B12742}.Release|Any CPU.Build.0 = Release|Any CPU
	EndGlobalSection
	GlobalSection(SolutionProperties) = preSolution
		HideSolutionNode = FALSE
	EndGlobalSection
	GlobalSection(ExtensibilityGlobals) = postSolution
		SolutionGuid = {3285B638-9E07-4236-A34E-6D048C686579}
	EndGlobalSection
EndGlobal
