
Microsoft Visual Studio Solution File, Format Version 12.00
# Visual Studio Version 16
VisualStudioVersion = 16.0.31729.503
MinimumVisualStudioVersion = 10.0.40219.1
Project("{FAE04EC0-301F-11D3-BF4B-00C04F79EFBC}") = "classtanimlamalari", "classtanimlamalari\classtanimlamalari.csproj", "{76CB376C-2805-4484-996A-CC8728F8C720}"
EndProject
Global
	GlobalSection(SolutionConfigurationPlatforms) = preSolution
		Debug|Any CPU = Debug|Any CPU
		Release|Any CPU = Release|Any CPU
	EndGlobalSection
	GlobalSection(ProjectConfigurationPlatforms) = postSolution
		{76CB376C-2805-4484-996A-CC8728F8C720}.Debug|Any CPU.ActiveCfg = Debug|Any CPU
		{76CB376C-2805-4484-996A-CC8728F8C720}.Debug|Any CPU.Build.0 = Debug|Any CPU
		{76CB376C-2805-4484-996A-CC8728F8C720}.Release|Any CPU.ActiveCfg = Release|Any CPU
		{76CB376C-2805-4484-996A-CC8728F8C720}.Release|Any CPU.Build.0 = Release|Any CPU
	EndGlobalSection
	GlobalSection(SolutionProperties) = preSolution
		HideSolutionNode = FALSE
	EndGlobalSection
	GlobalSection(ExtensibilityGlobals) = postSolution
		SolutionGuid = {8ABEA5A1-1DF8-4272-BFBD-E738D31F03D0}
	EndGlobalSection
EndGlobal
