
Microsoft Visual Studio Solution File, Format Version 12.00
# Visual Studio Version 16
VisualStudioVersion = 16.0.31729.503
MinimumVisualStudioVersion = 10.0.40219.1
Project("{FAE04EC0-301F-11D3-BF4B-00C04F79EFBC}") = "WinFormsApp1", "WinFormsApp1\WinFormsApp1.csproj", "{ADCCDE06-24D9-449E-B394-8030C7D3C9BB}"
EndProject
Global
	GlobalSection(SolutionConfigurationPlatforms) = preSolution
		Debug|Any CPU = Debug|Any CPU
		Release|Any CPU = Release|Any CPU
	EndGlobalSection
	GlobalSection(ProjectConfigurationPlatforms) = postSolution
		{ADCCDE06-24D9-449E-B394-8030C7D3C9BB}.Debug|Any CPU.ActiveCfg = Debug|Any CPU
		{ADCCDE06-24D9-449E-B394-8030C7D3C9BB}.Debug|Any CPU.Build.0 = Debug|Any CPU
		{ADCCDE06-24D9-449E-B394-8030C7D3C9BB}.Release|Any CPU.ActiveCfg = Release|Any CPU
		{ADCCDE06-24D9-449E-B394-8030C7D3C9BB}.Release|Any CPU.Build.0 = Release|Any CPU
	EndGlobalSection
	GlobalSection(SolutionProperties) = preSolution
		HideSolutionNode = FALSE
	EndGlobalSection
	GlobalSection(ExtensibilityGlobals) = postSolution
		SolutionGuid = {9A2DBC9B-380A-4AEF-BFD2-56942EB6ED8E}
	EndGlobalSection
EndGlobal
